
Microsoft Visual Studio Solution File, Format Version 12.00
# Visual Studio Version 16
VisualStudioVersion = 16.0.30711.63
MinimumVisualStudioVersion = 10.0.40219.1
Project("{FAE04EC0-301F-11D3-BF4B-00C04F79EFBC}") = "Recursive Binary Search", "Recursive Binary Search\Recursive Binary Search.csproj", "{F9B73E3B-5FF3-4CD7-8120-74447E440063}"
EndProject
Global
	GlobalSection(SolutionConfigurationPlatforms) = preSolution
		Debug|Any CPU = Debug|Any CPU
		Release|Any CPU = Release|Any CPU
	EndGlobalSection
	GlobalSection(ProjectConfigurationPlatforms) = postSolution
		{F9B73E3B-5FF3-4CD7-8120-74447E440063}.Debug|Any CPU.ActiveCfg = Debug|Any CPU
		{F9B73E3B-5FF3-4CD7-8120-74447E440063}.Debug|Any CPU.Build.0 = Debug|Any CPU
		{F9B73E3B-5FF3-4CD7-8120-74447E440063}.Release|Any CPU.ActiveCfg = Release|Any CPU
		{F9B73E3B-5FF3-4CD7-8120-74447E440063}.Release|Any CPU.Build.0 = Release|Any CPU
	EndGlobalSection
	GlobalSection(SolutionProperties) = preSolution
		HideSolutionNode = FALSE
	EndGlobalSection
	GlobalSection(ExtensibilityGlobals) = postSolution
		SolutionGuid = {DAE67C68-C0BD-4379-A197-05D555F66D4F}
	EndGlobalSection
EndGlobal
